{
    "name": "wq",
    "version": "1.3.0-dev",
    "lockfileVersion": 1,
    "requires": true,
    "dependencies": {
        "@babel/code-frame": {
            "version": "7.10.4",
            "resolved": "https://registry.npmjs.org/@babel/code-frame/-/code-frame-7.10.4.tgz",
            "integrity": "sha512-vG6SvB6oYEhvgisZNFRmRCUkLz11c7rp+tbNTynGqc6mS1d5ATd/sGyV6W0KZZnXRKMTzZDRgQT3Ou9jhpAfUg==",
            "dev": true,
            "requires": {
                "@babel/highlight": "^7.10.4"
            }
        },
        "@babel/helper-validator-identifier": {
            "version": "7.10.4",
            "resolved": "https://registry.npmjs.org/@babel/helper-validator-identifier/-/helper-validator-identifier-7.10.4.tgz",
            "integrity": "sha512-3U9y+43hz7ZM+rzG24Qe2mufW5KhvFg/NhnNph+i9mgCtdTCtMJuI1TMkrIUiK7Ix4PYlRF9I5dhqaLYA/ADXw==",
            "dev": true
        },
        "@babel/highlight": {
            "version": "7.10.4",
            "resolved": "https://registry.npmjs.org/@babel/highlight/-/highlight-7.10.4.tgz",
            "integrity": "sha512-i6rgnR/YgPEQzZZnbTHHuZdlE8qyoBNalD6F+q4vAFlcMEcqmkoG+mPqJYJCo63qPf74+Y1UZsl3l6f7/RIkmA==",
            "dev": true,
            "requires": {
                "@babel/helper-validator-identifier": "^7.10.4",
                "chalk": "^2.0.0",
                "js-tokens": "^4.0.0"
            },
            "dependencies": {
                "ansi-styles": {
                    "version": "3.2.1",
                    "resolved": "https://registry.npmjs.org/ansi-styles/-/ansi-styles-3.2.1.tgz",
                    "integrity": "sha512-VT0ZI6kZRdTh8YyJw3SMbYm/u+NqfsAxEpWO0Pf9sq8/e94WxxOpPKx9FR1FlyCtOVDNOQ+8ntlqFxiRc+r5qA==",
                    "dev": true,
                    "requires": {
                        "color-convert": "^1.9.0"
                    }
                },
                "chalk": {
                    "version": "2.4.2",
                    "resolved": "https://registry.npmjs.org/chalk/-/chalk-2.4.2.tgz",
                    "integrity": "sha512-Mti+f9lpJNcwF4tWV8/OrTTtF1gZi+f8FqlyAdouralcFWFQWF2+NgCHShjkCb+IFBLq9buZwE1xckQU4peSuQ==",
                    "dev": true,
                    "requires": {
                        "ansi-styles": "^3.2.1",
                        "escape-string-regexp": "^1.0.5",
                        "supports-color": "^5.3.0"
                    }
                }
            }
        },
        "@babel/runtime": {
            "version": "7.11.0",
            "resolved": "https://registry.npmjs.org/@babel/runtime/-/runtime-7.11.0.tgz",
            "integrity": "sha512-qArkXsjJq7H+T86WrIFV0Fnu/tNOkZ4cgXmjkzAu3b/58D5mFIO8JH/y77t7C9q0OdDRdh9s7Ue5GasYssxtXw==",
            "requires": {
                "regenerator-runtime": "^0.13.4"
            }
        },
        "@redux-offline/redux-offline": {
            "version": "2.6.0",
            "resolved": "https://registry.npmjs.org/@redux-offline/redux-offline/-/redux-offline-2.6.0.tgz",
            "integrity": "sha512-h11HBMVnFSuJBtRm9cwasGnLC+zimY7ghKOyUslHp3gOjJjX4eCurvNDyKqxZAyPg4glp4X+4s2rOXNvLC9FRA==",
            "requires": {
                "@babel/runtime": "^7.9.6",
                "redux-persist": "^4.6.0"
            },
            "dependencies": {
                "redux-persist": {
                    "version": "4.10.2",
                    "resolved": "https://registry.npmjs.org/redux-persist/-/redux-persist-4.10.2.tgz",
                    "integrity": "sha512-U+e0ieMGC69Zr72929iJW40dEld7Mflh6mu0eJtVMLGfMq/aJqjxUM1hzyUWMR1VUyAEEdPHuQmeq5ti9krIgg==",
                    "requires": {
                        "json-stringify-safe": "^5.0.1",
                        "lodash": "^4.17.4",
                        "lodash-es": "^4.17.4"
                    }
                }
            }
        },
        "@rollup/plugin-commonjs": {
            "version": "12.0.0",
            "resolved": "https://registry.npmjs.org/@rollup/plugin-commonjs/-/plugin-commonjs-12.0.0.tgz",
            "integrity": "sha512-8+mDQt1QUmN+4Y9D3yCG8AJNewuTSLYPJVzKKUZ+lGeQrI+bV12Tc5HCyt2WdlnG6ihIL/DPbKRJlB40DX40mw==",
            "dev": true,
            "requires": {
                "@rollup/pluginutils": "^3.0.8",
                "commondir": "^1.0.1",
                "estree-walker": "^1.0.1",
                "glob": "^7.1.2",
                "is-reference": "^1.1.2",
                "magic-string": "^0.25.2",
                "resolve": "^1.11.0"
            }
        },
        "@rollup/plugin-node-resolve": {
            "version": "8.4.0",
            "resolved": "https://registry.npmjs.org/@rollup/plugin-node-resolve/-/plugin-node-resolve-8.4.0.tgz",
            "integrity": "sha512-LFqKdRLn0ShtQyf6SBYO69bGE1upV6wUhBX0vFOUnLAyzx5cwp8svA0eHUnu8+YU57XOkrMtfG63QOpQx25pHQ==",
            "dev": true,
            "requires": {
                "@rollup/pluginutils": "^3.1.0",
                "@types/resolve": "1.17.1",
                "builtin-modules": "^3.1.0",
                "deep-freeze": "^0.0.1",
                "deepmerge": "^4.2.2",
                "is-module": "^1.0.0",
                "resolve": "^1.17.0"
            },
            "dependencies": {
                "deepmerge": {
                    "version": "4.2.2",
                    "resolved": "https://registry.npmjs.org/deepmerge/-/deepmerge-4.2.2.tgz",
                    "integrity": "sha512-FJ3UgI4gIl+PHZm53knsuSFpE+nESMr7M4v9QcgB7S63Kj/6WqMiFQJpBBYz1Pt+66bZpP3Q7Lye0Oo9MPKEdg==",
                    "dev": true
                }
            }
        },
        "@rollup/plugin-replace": {
            "version": "2.3.3",
            "resolved": "https://registry.npmjs.org/@rollup/plugin-replace/-/plugin-replace-2.3.3.tgz",
            "integrity": "sha512-XPmVXZ7IlaoWaJLkSCDaa0Y6uVo5XQYHhiMFzOd5qSv5rE+t/UJToPIOE56flKIxBFQI27ONsxb7dqHnwSsjKQ==",
            "dev": true,
            "requires": {
                "@rollup/pluginutils": "^3.0.8",
                "magic-string": "^0.25.5"
            }
        },
        "@rollup/pluginutils": {
            "version": "3.1.0",
            "resolved": "https://registry.npmjs.org/@rollup/pluginutils/-/pluginutils-3.1.0.tgz",
            "integrity": "sha512-GksZ6pr6TpIjHm8h9lSQ8pi8BE9VeubNT0OMJ3B5uZJ8pz73NPiqOtCog/x2/QzM1ENChPKxMDhiQuRHsqc+lg==",
            "dev": true,
            "requires": {
                "@types/estree": "0.0.39",
                "estree-walker": "^1.0.1",
                "picomatch": "^2.2.2"
            }
        },
        "@terraformer/arcgis": {
            "version": "2.0.7",
            "resolved": "https://registry.npmjs.org/@terraformer/arcgis/-/arcgis-2.0.7.tgz",
            "integrity": "sha512-7jIQcnd8RnKsDt1IxmEjq9t7l5fnf0e5c+c1+1GjG4NR+TY0XkJcWtrBv0DWd65uAlDiQYMlEG8ls5dz1GQiuA==",
            "requires": {
                "@terraformer/common": "^2.0.7"
            }
        },
        "@terraformer/common": {
            "version": "2.0.7",
            "resolved": "https://registry.npmjs.org/@terraformer/common/-/common-2.0.7.tgz",
            "integrity": "sha512-8bl+/JT0Rw6FYe2H3FfJS8uQwgzGl+UHs+8JX0TQLHgA4sMDEwObbMwo0iP3FVONwPXrPHEpC5YH7Grve0cl9A=="
        },
        "@types/estree": {
            "version": "0.0.39",
            "resolved": "https://registry.npmjs.org/@types/estree/-/estree-0.0.39.tgz",
            "integrity": "sha512-EYNwp3bU+98cpU4lAWYYL7Zz+2gryWH1qbdDTidVd6hkiR6weksdbMadyXKXNPEkQFhXM+hVO9ZygomHXp+AIw==",
            "dev": true
        },
        "@types/node": {
            "version": "14.0.27",
            "resolved": "https://registry.npmjs.org/@types/node/-/node-14.0.27.tgz",
            "integrity": "sha512-kVrqXhbclHNHGu9ztnAwSncIgJv/FaxmzXJvGXNdcCpV1b8u1/Mi6z6m0vwy0LzKeXFTPLH0NzwmoJ3fNCIq0g==",
            "dev": true
        },
        "@types/resolve": {
            "version": "1.17.1",
            "resolved": "https://registry.npmjs.org/@types/resolve/-/resolve-1.17.1.tgz",
            "integrity": "sha512-yy7HuzQhj0dhGpD8RLXSZWEkLsV9ibvxvi6EiJ3bkqLAO1RGo0WbkWQiwpRlSFymTJRz0d3k5LM3kkx8ArDbLw==",
            "dev": true,
            "requires": {
                "@types/node": "*"
            }
        },
        "@wq/app": {
            "version": "1.2.1",
            "resolved": "https://registry.npmjs.org/@wq/app/-/app-1.2.1.tgz",
            "integrity": "sha512-kBqK9f3IjYpQxzicN/aitPJistuwpZyNkw9wDbLQYMt0UYMYzqSz3QN5FXwk27tww4zALn2n2nVKwgRkdLub9Q==",
            "requires": {
                "@wq/jquery-mobile": "^1.2.0",
                "@wq/model": "^1.2.0",
                "@wq/outbox": "^1.2.0",
                "@wq/router": "^1.2.0",
                "@wq/store": "^1.2.0",
                "@wq/template": "^1.2.0",
                "localforage": "^1.7.3"
            }
        },
        "@wq/jquery-mobile": {
            "version": "1.2.0",
            "resolved": "https://registry.npmjs.org/@wq/jquery-mobile/-/jquery-mobile-1.2.0.tgz",
            "integrity": "sha512-duQf1f02TvarbBHSUymbBOkRKMM3CHrkviZ++n1ck3ikok+DaPuvnLzlLk1nEVU/cgN6Ib0ZbxPb4nJqfQfiUg==",
            "requires": {
                "jquery": "^1.12.4"
            }
        },
        "@wq/map": {
            "version": "1.2.0",
            "resolved": "https://registry.npmjs.org/@wq/map/-/map-1.2.0.tgz",
            "integrity": "sha512-C+hgtWVTJcxTe9I9FCYKma/ouRz7A6yrtCs74yZGPTwoOXnEN71mCCv5bzGxeREAgDxeev4WhO90KySXfluAEg==",
            "requires": {
                "@wq/template": "^1.2.0",
                "esri-leaflet": "^2.3.0",
                "leaflet": "^1.5.1",
                "leaflet-draw": "^1.0.4",
                "leaflet.markercluster": "^1.4.1",
                "leaflet.wms": "^0.2.0"
            }
        },
        "@wq/model": {
            "version": "1.2.0",
            "resolved": "https://registry.npmjs.org/@wq/model/-/model-1.2.0.tgz",
            "integrity": "sha512-0Tye3WURzdjlsSJGtF/XEXFDkc914GB9Dx11+Lu4+CTu3i6CEjNcHlyx8wKYJBN51eo1Mhd8xxfjaEE+yoIzDw==",
            "requires": {
                "@wq/store": "^1.2.0",
                "deepcopy": "^2.0.0",
                "redux-orm": "^0.13.3"
            }
        },
        "@wq/outbox": {
            "version": "1.2.0",
            "resolved": "https://registry.npmjs.org/@wq/outbox/-/outbox-1.2.0.tgz",
            "integrity": "sha512-kBrLdmvOUrLzmUqefsC7FK4HhY0R2HtNQ8+Ag9XZOUbpRTtL8L8EFINmiffaC2MeKqEaJc//DJdXsJoFfNXPkw==",
            "requires": {
                "@redux-offline/redux-offline": "^2.5.2",
                "@wq/model": "^1.2.0",
                "@wq/store": "^1.2.0",
                "redux": "^4.0.4"
            }
        },
        "@wq/router": {
            "version": "1.2.0",
            "resolved": "https://registry.npmjs.org/@wq/router/-/router-1.2.0.tgz",
            "integrity": "sha512-EYPe1xHrY1X43L8CqbfjdrOzT5d7PQHu4evICkjD5xgp8W92CEIjl8SK78RTL3ImV9i3Wf4o+aShCqG9kTZOaQ==",
            "requires": {
                "@wq/jquery-mobile": "^1.2.0",
                "@wq/store": "^1.2.0",
                "@wq/template": "^1.2.0",
                "query-string": "^6.8.3",
                "redux-first-router": "^2.1.5"
            }
        },
        "@wq/store": {
            "version": "1.2.0",
            "resolved": "https://registry.npmjs.org/@wq/store/-/store-1.2.0.tgz",
            "integrity": "sha512-O40nEFEH2vW0FFUbaNNsE0PZftVbNt3PVWdcq2wciImY3K0WxAZ9SM+DZuO+io8MhaNcos43hoff2jQHfcWVYg==",
            "requires": {
                "localforage": "^1.7.3",
                "redux": "^4.0.4",
                "redux-logger": "^3.0.6",
                "redux-persist": "^6.0.0",
                "whatwg-fetch": "^3.0.0"
            }
        },
        "@wq/template": {
            "version": "1.2.0",
            "resolved": "https://registry.npmjs.org/@wq/template/-/template-1.2.0.tgz",
            "integrity": "sha512-YVLeyvWwKwQS8l08p/r1KkUHpIKaDlvwRn1XsFtLiwj/WAzenMw29G56G4JtlsOP9DIXUvWb7NoxruML4GBZAw==",
            "requires": {
                "@wq/jquery-mobile": "^1.2.0",
                "mustache": "^3.1.0"
            }
        },
        "align-text": {
            "version": "0.1.4",
            "resolved": "https://registry.npmjs.org/align-text/-/align-text-0.1.4.tgz",
            "integrity": "sha1-DNkKVhCT810KmSVsIrcGlDP60Rc=",
            "requires": {
                "kind-of": "^3.0.2",
                "longest": "^1.0.1",
                "repeat-string": "^1.5.2"
            }
        },
        "balanced-match": {
            "version": "1.0.0",
            "resolved": "https://registry.npmjs.org/balanced-match/-/balanced-match-1.0.0.tgz",
            "integrity": "sha1-ibTRmasr7kneFk6gK4nORi1xt2c=",
            "dev": true
        },
        "brace-expansion": {
            "version": "1.1.11",
            "resolved": "https://registry.npmjs.org/brace-expansion/-/brace-expansion-1.1.11.tgz",
            "integrity": "sha512-iCuPHDFgrHX7H2vEI/5xpz07zSHB00TpugqhmYtVmMO6518mCuRMoOYFldEBl0g187ufozdaHgWKcYFb61qGiA==",
            "dev": true,
            "requires": {
                "balanced-match": "^1.0.0",
                "concat-map": "0.0.1"
            }
        },
        "buffer-from": {
            "version": "1.1.1",
            "resolved": "https://registry.npmjs.org/buffer-from/-/buffer-from-1.1.1.tgz",
            "integrity": "sha512-MQcXEUbCKtEo7bhqEs6560Hyd4XaovZlO/k9V3hjVUF/zwW7KBVdSK4gIt/bzwS9MbR5qob+F5jusZsb0YQK2A==",
            "dev": true
        },
        "builtin-modules": {
            "version": "3.1.0",
            "resolved": "https://registry.npmjs.org/builtin-modules/-/builtin-modules-3.1.0.tgz",
            "integrity": "sha512-k0KL0aWZuBt2lrxrcASWDfwOLMnodeQjodT/1SxEQAXsHANgo6ZC/VEaSEHCXt7aSTZ4/4H5LKa+tBXmW7Vtvw==",
            "dev": true
        },
        "camelcase": {
            "version": "1.2.1",
            "resolved": "https://registry.npmjs.org/camelcase/-/camelcase-1.2.1.tgz",
            "integrity": "sha1-m7UwTS4LVmmLLHWLCKPqqdqlijk="
        },
        "center-align": {
            "version": "0.1.3",
            "resolved": "https://registry.npmjs.org/center-align/-/center-align-0.1.3.tgz",
            "integrity": "sha1-qg0yYptu6XIgBBHL1EYckHvCt60=",
            "requires": {
                "align-text": "^0.1.3",
                "lazy-cache": "^1.0.3"
            }
        },
        "cliui": {
            "version": "2.1.0",
            "resolved": "https://registry.npmjs.org/cliui/-/cliui-2.1.0.tgz",
            "integrity": "sha1-S0dXYP+AJkx2LDoXGQMukcf+oNE=",
            "requires": {
                "center-align": "^0.1.1",
                "right-align": "^0.1.1",
                "wordwrap": "0.0.2"
            }
        },
        "color-convert": {
            "version": "1.9.3",
            "resolved": "https://registry.npmjs.org/color-convert/-/color-convert-1.9.3.tgz",
            "integrity": "sha512-QfAUtd+vFdAtFQcC8CCyYt1fYWxSqAiK2cSD6zDB8N3cpsEBAvRxp9zOGg6G/SHHJYAT88/az/IuDGALsNVbGg==",
            "dev": true,
            "requires": {
                "color-name": "1.1.3"
            }
        },
        "color-name": {
            "version": "1.1.3",
            "resolved": "https://registry.npmjs.org/color-name/-/color-name-1.1.3.tgz",
            "integrity": "sha1-p9BVi9icQveV3UIyj3QIMcpTvCU=",
            "dev": true
        },
        "commander": {
            "version": "2.20.3",
            "resolved": "https://registry.npmjs.org/commander/-/commander-2.20.3.tgz",
            "integrity": "sha512-GpVkmM8vF2vQUkj2LvZmD35JxeJOLCwJ9cUkugyk2nuhbv3+mJvpLYYt+0+USMxE+oj+ey/lJEnhZw75x/OMcQ==",
            "dev": true
        },
        "commondir": {
            "version": "1.0.1",
            "resolved": "https://registry.npmjs.org/commondir/-/commondir-1.0.1.tgz",
            "integrity": "sha1-3dgA2gxmEnOTzKWVDqloo6rxJTs=",
            "dev": true
        },
        "concat-map": {
            "version": "0.0.1",
            "resolved": "https://registry.npmjs.org/concat-map/-/concat-map-0.0.1.tgz",
            "integrity": "sha1-2Klr13/Wjfd5OnMDajug1UBdR3s=",
            "dev": true
        },
        "decamelize": {
            "version": "1.2.0",
            "resolved": "https://registry.npmjs.org/decamelize/-/decamelize-1.2.0.tgz",
            "integrity": "sha1-9lNNFRSCabIDUue+4m9QH5oZEpA="
        },
        "decode-uri-component": {
            "version": "0.2.0",
            "resolved": "https://registry.npmjs.org/decode-uri-component/-/decode-uri-component-0.2.0.tgz",
            "integrity": "sha1-6zkTMzRYd1y4TNGh+uBiEGu4dUU="
        },
        "deep-diff": {
            "version": "0.3.8",
            "resolved": "https://registry.npmjs.org/deep-diff/-/deep-diff-0.3.8.tgz",
            "integrity": "sha1-wB3mPvsO7JeYgB1Ax+Da4ltYLIQ="
        },
        "deep-freeze": {
            "version": "0.0.1",
            "resolved": "https://registry.npmjs.org/deep-freeze/-/deep-freeze-0.0.1.tgz",
            "integrity": "sha1-OgsABd4YZygZ39OM0x+RF5yJPoQ=",
            "dev": true
        },
        "deepcopy": {
            "version": "2.0.0",
            "resolved": "https://registry.npmjs.org/deepcopy/-/deepcopy-2.0.0.tgz",
            "integrity": "sha512-d5ZK7pJw7F3k6M5vqDjGiiUS9xliIyWkdzBjnPhnSeRGjkYOGZMCFkdKVwV/WiHOe0NwzB8q+iDo7afvSf0arA==",
            "requires": {
                "type-detect": "^4.0.8"
            }
        },
        "escape-string-regexp": {
            "version": "1.0.5",
            "resolved": "https://registry.npmjs.org/escape-string-regexp/-/escape-string-regexp-1.0.5.tgz",
            "integrity": "sha1-G2HAViGQqN/2rjuyzwIAyhMLhtQ=",
            "dev": true
        },
        "esri-leaflet": {
            "version": "2.4.1",
            "resolved": "https://registry.npmjs.org/esri-leaflet/-/esri-leaflet-2.4.1.tgz",
            "integrity": "sha512-0ukZIhA9dVx8yYe/ahp2yZm7GmUYTxPktXXHBVPBZoe9I00fkhLsEk2dIt1xa7XsCk/gH+Breb9L5lNALC+Niw==",
            "requires": {
                "@terraformer/arcgis": "^2.0.7",
                "tiny-binary-search": "^1.0.3"
            }
        },
        "estree-walker": {
            "version": "1.0.1",
            "resolved": "https://registry.npmjs.org/estree-walker/-/estree-walker-1.0.1.tgz",
            "integrity": "sha512-1fMXF3YP4pZZVozF8j/ZLfvnR8NSIljt56UhbZ5PeeDmmGHpgpdwQt7ITlGvYaQukCvuBRMLEiKiYC+oeIg4cg==",
            "dev": true
        },
        "fs.realpath": {
            "version": "1.0.0",
            "resolved": "https://registry.npmjs.org/fs.realpath/-/fs.realpath-1.0.0.tgz",
            "integrity": "sha1-FQStJSMVjKpA20onh8sBQRmU6k8=",
            "dev": true
        },
        "fsevents": {
            "version": "2.1.3",
            "resolved": "https://registry.npmjs.org/fsevents/-/fsevents-2.1.3.tgz",
            "integrity": "sha512-Auw9a4AxqWpa9GUfj370BMPzzyncfBABW8Mab7BGWBYDj4Isgq+cDKtx0i6u9jcX9pQDnswsaaOTgTmA5pEjuQ==",
            "dev": true,
            "optional": true
        },
        "glob": {
            "version": "7.1.6",
            "resolved": "https://registry.npmjs.org/glob/-/glob-7.1.6.tgz",
            "integrity": "sha512-LwaxwyZ72Lk7vZINtNNrywX0ZuLyStrdDtabefZKAY5ZGJhVtgdznluResxNmPitE0SAO+O26sWTHeKSI2wMBA==",
            "dev": true,
            "requires": {
                "fs.realpath": "^1.0.0",
                "inflight": "^1.0.4",
                "inherits": "2",
                "minimatch": "^3.0.4",
                "once": "^1.3.0",
                "path-is-absolute": "^1.0.0"
            }
        },
        "has-flag": {
            "version": "3.0.0",
            "resolved": "https://registry.npmjs.org/has-flag/-/has-flag-3.0.0.tgz",
            "integrity": "sha1-tdRU3CGZriJWmfNGfloH87lVuv0=",
            "dev": true
        },
        "immediate": {
            "version": "3.0.6",
            "resolved": "https://registry.npmjs.org/immediate/-/immediate-3.0.6.tgz",
            "integrity": "sha1-nbHb0Pr43m++D13V5Wu2BigN5ps="
        },
        "immutable-ops": {
            "version": "0.6.0",
            "resolved": "https://registry.npmjs.org/immutable-ops/-/immutable-ops-0.6.0.tgz",
            "integrity": "sha512-GK+dh0Wz4/ZFj08fBPxVVj2Gj/HABzFZNTf0WQW4KXDxOS0taAFxfeJUZgnEHTNbiLcXxi5MHNiq1rAYaVVa1w==",
            "requires": {
                "ramda": "^0.26.1"
            }
        },
        "inflight": {
            "version": "1.0.6",
            "resolved": "https://registry.npmjs.org/inflight/-/inflight-1.0.6.tgz",
            "integrity": "sha1-Sb1jMdfQLQwJvJEKEHW6gWW1bfk=",
            "dev": true,
            "requires": {
                "once": "^1.3.0",
                "wrappy": "1"
            }
        },
        "inherits": {
            "version": "2.0.4",
            "resolved": "https://registry.npmjs.org/inherits/-/inherits-2.0.4.tgz",
            "integrity": "sha512-k/vGaX4/Yla3WzyMCvTQOXYeIHvqOKtnqBduzTHpzpQZzAskKMhZ2K+EnBiSM9zGSoIFeMpXKxa4dYeZIQqewQ==",
            "dev": true
        },
        "invariant": {
            "version": "2.2.4",
            "resolved": "https://registry.npmjs.org/invariant/-/invariant-2.2.4.tgz",
            "integrity": "sha512-phJfQVBuaJM5raOpJjSfkiD6BpbCE4Ns//LaXl6wGYtUBY83nWS6Rf9tXm2e8VaK60JEjYldbPif/A2B1C2gNA==",
            "requires": {
                "loose-envify": "^1.0.0"
            }
        },
        "is-buffer": {
            "version": "1.1.6",
            "resolved": "https://registry.npmjs.org/is-buffer/-/is-buffer-1.1.6.tgz",
            "integrity": "sha512-NcdALwpXkTm5Zvvbk7owOUSvVvBKDgKP5/ewfXEznmQFfs4ZRmanOeKBTjRVjka3QFoN6XJ+9F3USqfHqTaU5w=="
        },
        "is-module": {
            "version": "1.0.0",
            "resolved": "https://registry.npmjs.org/is-module/-/is-module-1.0.0.tgz",
            "integrity": "sha1-Mlj7afeMFNW4FdZkM2tM/7ZEFZE=",
            "dev": true
        },
        "is-reference": {
            "version": "1.2.1",
            "resolved": "https://registry.npmjs.org/is-reference/-/is-reference-1.2.1.tgz",
            "integrity": "sha512-U82MsXXiFIrjCK4otLT+o2NA2Cd2g5MLoOVXUZjIOhLurrRxpEXzI8O0KZHr3IjLvlAH1kTPYSuqer5T9ZVBKQ==",
            "dev": true,
            "requires": {
                "@types/estree": "*"
            }
        },
        "isarray": {
            "version": "0.0.1",
            "resolved": "https://registry.npmjs.org/isarray/-/isarray-0.0.1.tgz",
            "integrity": "sha1-ihis/Kmo9Bd+Cav8YDiTmwXR7t8="
        },
        "jest-worker": {
            "version": "26.2.1",
            "resolved": "https://registry.npmjs.org/jest-worker/-/jest-worker-26.2.1.tgz",
            "integrity": "sha512-+XcGMMJDTeEGncRb5M5Zq9P7K4sQ1sirhjdOxsN1462h6lFo9w59bl2LVQmdGEEeU3m+maZCkS2Tcc9SfCHO4A==",
            "dev": true,
            "requires": {
                "@types/node": "*",
                "merge-stream": "^2.0.0",
                "supports-color": "^7.0.0"
            },
            "dependencies": {
                "has-flag": {
                    "version": "4.0.0",
                    "resolved": "https://registry.npmjs.org/has-flag/-/has-flag-4.0.0.tgz",
                    "integrity": "sha512-EykJT/Q1KjTWctppgIAgfSO0tKVuZUjhgMr17kqTumMl6Afv3EISleU7qZUzoXDFTAHTDC4NOoG/ZxU3EvlMPQ==",
                    "dev": true
                },
                "supports-color": {
                    "version": "7.1.0",
                    "resolved": "https://registry.npmjs.org/supports-color/-/supports-color-7.1.0.tgz",
                    "integrity": "sha512-oRSIpR8pxT1Wr2FquTNnGet79b3BWljqOuoW/h4oBhxJ/HUbX5nX6JSruTkvXDCFMwDPvsaTTbvMLKZWSy0R5g==",
                    "dev": true,
                    "requires": {
                        "has-flag": "^4.0.0"
                    }
                }
            }
        },
        "jquery": {
            "version": "1.12.4",
            "resolved": "https://registry.npmjs.org/jquery/-/jquery-1.12.4.tgz",
            "integrity": "sha1-AeHfuikP5z3rp3zurLD5ui/sngw="
        },
        "js-tokens": {
            "version": "4.0.0",
            "resolved": "https://registry.npmjs.org/js-tokens/-/js-tokens-4.0.0.tgz",
            "integrity": "sha512-RdJUflcE3cUzKiMqQgsCu06FPu9UdIJO0beYbPhHN4k6apgJtifcoCtT9bcxOpYBtpD2kCM6Sbzg4CausW/PKQ=="
        },
        "json-stringify-safe": {
            "version": "5.0.1",
            "resolved": "https://registry.npmjs.org/json-stringify-safe/-/json-stringify-safe-5.0.1.tgz",
            "integrity": "sha1-Epai1Y/UXxmg9s4B1lcB4sc1tus="
        },
        "kind-of": {
            "version": "3.2.2",
            "resolved": "https://registry.npmjs.org/kind-of/-/kind-of-3.2.2.tgz",
            "integrity": "sha1-MeohpzS6ubuw8yRm2JOupR5KPGQ=",
            "requires": {
                "is-buffer": "^1.1.5"
            }
        },
        "lazy-cache": {
            "version": "1.0.4",
            "resolved": "https://registry.npmjs.org/lazy-cache/-/lazy-cache-1.0.4.tgz",
            "integrity": "sha1-odePw6UEdMuAhF07O24dpJpEbo4="
        },
        "leaflet": {
            "version": "1.6.0",
            "resolved": "https://registry.npmjs.org/leaflet/-/leaflet-1.6.0.tgz",
            "integrity": "sha512-CPkhyqWUKZKFJ6K8umN5/D2wrJ2+/8UIpXppY7QDnUZW5bZL5+SEI2J7GBpwh4LIupOKqbNSQXgqmrEJopHVNQ=="
        },
        "leaflet-draw": {
            "version": "1.0.4",
            "resolved": "https://registry.npmjs.org/leaflet-draw/-/leaflet-draw-1.0.4.tgz",
            "integrity": "sha512-rsQ6saQO5ST5Aj6XRFylr5zvarWgzWnrg46zQ1MEOEIHsppdC/8hnN8qMoFvACsPvTioAuysya/TVtog15tyAQ=="
        },
        "leaflet.markercluster": {
            "version": "1.4.1",
            "resolved": "https://registry.npmjs.org/leaflet.markercluster/-/leaflet.markercluster-1.4.1.tgz",
            "integrity": "sha512-ZSEpE/EFApR0bJ1w/dUGwTSUvWlpalKqIzkaYdYB7jaftQA/Y2Jav+eT4CMtEYFj+ZK4mswP13Q2acnPBnhGOw=="
        },
        "leaflet.wms": {
            "version": "0.2.0",
            "resolved": "https://registry.npmjs.org/leaflet.wms/-/leaflet.wms-0.2.0.tgz",
            "integrity": "sha1-tGfrJKF++nkJhZtG+nJtkS6X0rw=",
            "requires": {
                "uglify-js": "^2.7.3"
            }
        },
        "lie": {
            "version": "3.1.1",
            "resolved": "https://registry.npmjs.org/lie/-/lie-3.1.1.tgz",
            "integrity": "sha1-mkNrLMd0bKWd56QfpGmz77dr2H4=",
            "requires": {
                "immediate": "~3.0.5"
            }
        },
        "localforage": {
            "version": "1.9.0",
            "resolved": "https://registry.npmjs.org/localforage/-/localforage-1.9.0.tgz",
            "integrity": "sha512-rR1oyNrKulpe+VM9cYmcFn6tsHuokyVHFaCM3+osEmxaHTbEk8oQu6eGDfS6DQLWi/N67XRmB8ECG37OES368g==",
            "requires": {
                "lie": "3.1.1"
            }
        },
        "lodash": {
            "version": "4.17.19",
            "resolved": "https://registry.npmjs.org/lodash/-/lodash-4.17.19.tgz",
            "integrity": "sha512-JNvd8XER9GQX0v2qJgsaN/mzFCNA5BRe/j8JN9d+tWyGLSodKQHKFicdwNYzWwI3wjRnaKPsGj1XkBjx/F96DQ=="
        },
        "lodash-es": {
            "version": "4.17.15",
            "resolved": "https://registry.npmjs.org/lodash-es/-/lodash-es-4.17.15.tgz",
            "integrity": "sha512-rlrc3yU3+JNOpZ9zj5pQtxnx2THmvRykwL4Xlxoa8I9lHBlVbbyPhgyPMioxVZ4NqyxaVVtaJnzsyOidQIhyyQ=="
        },
        "longest": {
            "version": "1.0.1",
            "resolved": "https://registry.npmjs.org/longest/-/longest-1.0.1.tgz",
            "integrity": "sha1-MKCy2jj3N3DoKUoNIuZiXtd9AJc="
        },
        "loose-envify": {
            "version": "1.4.0",
            "resolved": "https://registry.npmjs.org/loose-envify/-/loose-envify-1.4.0.tgz",
            "integrity": "sha512-lyuxPGr/Wfhrlem2CL/UcnUc1zcqKAImBDzukY7Y5F/yQiNdko6+fRLevlw1HgMySw7f611UIY408EtxRSoK3Q==",
            "requires": {
                "js-tokens": "^3.0.0 || ^4.0.0"
            }
        },
        "magic-string": {
            "version": "0.25.7",
            "resolved": "https://registry.npmjs.org/magic-string/-/magic-string-0.25.7.tgz",
            "integrity": "sha512-4CrMT5DOHTDk4HYDlzmwu4FVCcIYI8gauveasrdCu2IKIFOJ3f0v/8MDGJCDL9oD2ppz/Av1b0Nj345H9M+XIA==",
            "dev": true,
            "requires": {
                "sourcemap-codec": "^1.4.4"
            }
        },
        "merge-stream": {
            "version": "2.0.0",
            "resolved": "https://registry.npmjs.org/merge-stream/-/merge-stream-2.0.0.tgz",
            "integrity": "sha512-abv/qOcuPfk3URPfDzmZU1LKmuw8kT+0nIHvKrKgFrwifol/doWcdA4ZqsWQ8ENrFKkd67Mfpo/LovbIUsbt3w==",
            "dev": true
        },
        "minimatch": {
            "version": "3.0.4",
            "resolved": "https://registry.npmjs.org/minimatch/-/minimatch-3.0.4.tgz",
            "integrity": "sha512-yJHVQEhyqPLUTgt9B83PXu6W3rx4MvvHvSUvToogpwoGDOUQ+yDrR0HRot+yOCdCO7u4hX3pWft6kWBBcqh0UA==",
            "dev": true,
            "requires": {
                "brace-expansion": "^1.1.7"
            }
        },
        "mustache": {
            "version": "3.2.1",
            "resolved": "https://registry.npmjs.org/mustache/-/mustache-3.2.1.tgz",
            "integrity": "sha512-RERvMFdLpaFfSRIEe632yDm5nsd0SDKn8hGmcUwswnyiE5mtdZLDybtHAz6hjJhawokF0hXvGLtx9mrQfm6FkA=="
        },
        "object-assign": {
            "version": "4.1.1",
            "resolved": "https://registry.npmjs.org/object-assign/-/object-assign-4.1.1.tgz",
            "integrity": "sha1-IQmtx5ZYh8/AXLvUQsrIv7s2CGM="
        },
        "once": {
            "version": "1.4.0",
            "resolved": "https://registry.npmjs.org/once/-/once-1.4.0.tgz",
            "integrity": "sha1-WDsap3WWHUsROsF9nFC6753Xa9E=",
            "dev": true,
            "requires": {
                "wrappy": "1"
            }
        },
        "path-is-absolute": {
            "version": "1.0.1",
            "resolved": "https://registry.npmjs.org/path-is-absolute/-/path-is-absolute-1.0.1.tgz",
            "integrity": "sha1-F0uSaHNVNP+8es5r9TpanhtcX18=",
            "dev": true
        },
        "path-parse": {
            "version": "1.0.6",
            "resolved": "https://registry.npmjs.org/path-parse/-/path-parse-1.0.6.tgz",
            "integrity": "sha512-GSmOT2EbHrINBf9SR7CDELwlJ8AENk3Qn7OikK4nFYAu3Ote2+JYNVvkpAEQm3/TLNEJFD/xZJjzyxg3KBWOzw==",
            "dev": true
        },
        "path-to-regexp": {
            "version": "1.8.0",
            "resolved": "https://registry.npmjs.org/path-to-regexp/-/path-to-regexp-1.8.0.tgz",
            "integrity": "sha512-n43JRhlUKUAlibEJhPeir1ncUID16QnEjNpwzNdO3Lm4ywrBpBZ5oLD0I6br9evr1Y9JTqwRtAh7JLoOzAQdVA==",
            "requires": {
                "isarray": "0.0.1"
            }
        },
        "picomatch": {
            "version": "2.2.2",
            "resolved": "https://registry.npmjs.org/picomatch/-/picomatch-2.2.2.tgz",
            "integrity": "sha512-q0M/9eZHzmr0AulXyPwNfZjtwZ/RBZlbN3K3CErVrk50T2ASYI7Bye0EvekFY3IP1Nt2DHu0re+V2ZHIpMkuWg==",
            "dev": true
        },
        "prettier": {
            "version": "2.0.5",
            "resolved": "https://registry.npmjs.org/prettier/-/prettier-2.0.5.tgz",
            "integrity": "sha512-7PtVymN48hGcO4fGjybyBSIWDsLU4H4XlvOHfq91pz9kkGlonzwTfYkaIEwiRg/dAJF9YlbsduBAgtYLi+8cFg==",
            "dev": true
        },
        "prop-types": {
            "version": "15.7.2",
            "resolved": "https://registry.npmjs.org/prop-types/-/prop-types-15.7.2.tgz",
            "integrity": "sha512-8QQikdH7//R2vurIJSutZ1smHYTcLpRWEOlHnzcWHmBYrOGUysKwSsrC89BCiFj3CbrfJ/nXFdJepOVrY1GCHQ==",
            "requires": {
                "loose-envify": "^1.4.0",
                "object-assign": "^4.1.1",
                "react-is": "^16.8.1"
            }
        },
        "query-string": {
            "version": "6.13.1",
            "resolved": "https://registry.npmjs.org/query-string/-/query-string-6.13.1.tgz",
            "integrity": "sha512-RfoButmcK+yCta1+FuU8REvisx1oEzhMKwhLUNcepQTPGcNMp1sIqjnfCtfnvGSQZQEhaBHvccujtWoUV3TTbA==",
            "requires": {
                "decode-uri-component": "^0.2.0",
                "split-on-first": "^1.0.0",
                "strict-uri-encode": "^2.0.0"
            }
        },
        "ramda": {
            "version": "0.26.1",
            "resolved": "https://registry.npmjs.org/ramda/-/ramda-0.26.1.tgz",
            "integrity": "sha512-hLWjpy7EnsDBb0p+Z3B7rPi3GDeRG5ZtiI33kJhTt+ORCd38AbAIjB/9zRIUoeTbE/AVX5ZkU7m6bznsvrf8eQ=="
        },
        "randombytes": {
            "version": "2.1.0",
            "resolved": "https://registry.npmjs.org/randombytes/-/randombytes-2.1.0.tgz",
            "integrity": "sha512-vYl3iOX+4CKUWuxGi9Ukhie6fsqXqS9FE2Zaic4tNFD2N2QQaXOMFbuKK4QmDHC0JO6B1Zp41J0LpT0oR68amQ==",
            "dev": true,
            "requires": {
                "safe-buffer": "^5.1.0"
            }
        },
        "react": {
            "version": "16.13.1",
            "resolved": "https://registry.npmjs.org/react/-/react-16.13.1.tgz",
            "integrity": "sha512-YMZQQq32xHLX0bz5Mnibv1/LHb3Sqzngu7xstSM+vrkE5Kzr9xE0yMByK5kMoTK30YVJE61WfbxIFFvfeDKT1w==",
            "requires": {
                "loose-envify": "^1.1.0",
                "object-assign": "^4.1.1",
                "prop-types": "^15.6.2"
            }
        },
        "react-dom": {
            "version": "16.13.1",
            "resolved": "https://registry.npmjs.org/react-dom/-/react-dom-16.13.1.tgz",
            "integrity": "sha512-81PIMmVLnCNLO/fFOQxdQkvEq/+Hfpv24XNJfpyZhTRfO0QcmQIF/PgCa1zCOj2w1hrn12MFLyaJ/G0+Mxtfag==",
            "requires": {
                "loose-envify": "^1.1.0",
                "object-assign": "^4.1.1",
                "prop-types": "^15.6.2",
                "scheduler": "^0.19.1"
            },
            "dependencies": {
                "scheduler": {
                    "version": "0.19.1",
                    "resolved": "https://registry.npmjs.org/scheduler/-/scheduler-0.19.1.tgz",
                    "integrity": "sha512-n/zwRWRYSUj0/3g/otKDRPMh6qv2SYMWNq85IEa8iZyAv8od9zDYpGSnpBEjNgcMNq6Scbu5KfIPxNF72R/2EA==",
                    "requires": {
                        "loose-envify": "^1.1.0",
                        "object-assign": "^4.1.1"
                    }
                }
            }
        },
        "react-is": {
            "version": "16.13.1",
            "resolved": "https://registry.npmjs.org/react-is/-/react-is-16.13.1.tgz",
            "integrity": "sha512-24e6ynE2H+OKt4kqsOvNd8kBpV65zoxbA4BVsEOB3ARVWQki/DHzaUoC5KuON/BiccDaCCTZBuOcfZs70kR8bQ=="
        },
        "redux": {
            "version": "4.0.5",
            "resolved": "https://registry.npmjs.org/redux/-/redux-4.0.5.tgz",
            "integrity": "sha512-VSz1uMAH24DM6MF72vcojpYPtrTUu3ByVWfPL1nPfVRb5mZVTve5GnNCUV53QM/BZ66xfWrm0CTWoM+Xlz8V1w==",
            "requires": {
                "loose-envify": "^1.4.0",
                "symbol-observable": "^1.2.0"
            }
        },
        "redux-first-router": {
            "version": "2.1.5",
            "resolved": "https://registry.npmjs.org/redux-first-router/-/redux-first-router-2.1.5.tgz",
            "integrity": "sha512-roA/oYBLiJwdUf9c8pDmd4/xk2Jw8qe4MnSWPSHOuYPqyDmk30Pv9hZouwS6fZrPWL6VGJjrx67SwU6zBN/MKw==",
            "requires": {
                "rudy-history": "^1.0.0",
                "rudy-match-path": "^0.3.0"
            }
        },
        "redux-logger": {
            "version": "3.0.6",
            "resolved": "https://registry.npmjs.org/redux-logger/-/redux-logger-3.0.6.tgz",
            "integrity": "sha1-91VZZvMJjzyIYExEnPC69XeCdL8=",
            "requires": {
                "deep-diff": "^0.3.5"
            }
        },
        "redux-orm": {
            "version": "0.13.3",
            "resolved": "https://registry.npmjs.org/redux-orm/-/redux-orm-0.13.3.tgz",
            "integrity": "sha512-76PWSJ8tZVcM+ynYUZf0qd1TJVoPXWNIPfjCYHfdiMlJ6N/gEu94W1wJ16einJ/Vng0+0/F1sxEB/3vWgMS0Dg==",
            "requires": {
                "@babel/runtime": "^7.0.0",
                "immutable-ops": "^0.6.0",
                "lodash": "^4.17.11",
                "reselect": "^3.0.1"
            }
        },
        "redux-persist": {
            "version": "6.0.0",
            "resolved": "https://registry.npmjs.org/redux-persist/-/redux-persist-6.0.0.tgz",
            "integrity": "sha512-71LLMbUq2r02ng2We9S215LtPu3fY0KgaGE0k8WRgl6RkqxtGfl7HUozz1Dftwsb0D/5mZ8dwAaPbtnzfvbEwQ=="
        },
        "regenerator-runtime": {
            "version": "0.13.7",
            "resolved": "https://registry.npmjs.org/regenerator-runtime/-/regenerator-runtime-0.13.7.tgz",
            "integrity": "sha512-a54FxoJDIr27pgf7IgeQGxmqUNYrcV338lf/6gH456HZ/PhX+5BcwHXG9ajESmwe6WRO0tAzRUrRmNONWgkrew=="
        },
        "repeat-string": {
            "version": "1.6.1",
            "resolved": "https://registry.npmjs.org/repeat-string/-/repeat-string-1.6.1.tgz",
            "integrity": "sha1-jcrkcOHIirwtYA//Sndihtp15jc="
        },
        "reselect": {
            "version": "3.0.1",
            "resolved": "https://registry.npmjs.org/reselect/-/reselect-3.0.1.tgz",
            "integrity": "sha1-79qpjqdFEyTQkrKyFjpqHXqaIUc="
        },
        "resolve": {
            "version": "1.17.0",
            "resolved": "https://registry.npmjs.org/resolve/-/resolve-1.17.0.tgz",
            "integrity": "sha512-ic+7JYiV8Vi2yzQGFWOkiZD5Z9z7O2Zhm9XMaTxdJExKasieFCr+yXZ/WmXsckHiKl12ar0y6XiXDx3m4RHn1w==",
            "dev": true,
            "requires": {
                "path-parse": "^1.0.6"
            }
        },
        "resolve-pathname": {
            "version": "2.2.0",
            "resolved": "https://registry.npmjs.org/resolve-pathname/-/resolve-pathname-2.2.0.tgz",
            "integrity": "sha512-bAFz9ld18RzJfddgrO2e/0S2O81710++chRMUxHjXOYKF6jTAMrUNZrEZ1PvV0zlhfjidm08iRPdTLPno1FuRg=="
        },
        "right-align": {
            "version": "0.1.3",
            "resolved": "https://registry.npmjs.org/right-align/-/right-align-0.1.3.tgz",
            "integrity": "sha1-YTObci/mo1FWiSENJOFMlhSGE+8=",
            "requires": {
                "align-text": "^0.1.1"
            }
        },
        "rollup": {
            "version": "2.23.0",
            "resolved": "https://registry.npmjs.org/rollup/-/rollup-2.23.0.tgz",
            "integrity": "sha512-vLNmZFUGVwrnqNAJ/BvuLk1MtWzu4IuoqsH9UWK5AIdO3rt8/CSiJNvPvCIvfzrbNsqKbNzPAG1V2O4eTe2XZg==",
            "dev": true,
            "requires": {
                "fsevents": "~2.1.2"
            }
        },
        "rollup-plugin-analyzer": {
            "version": "3.3.0",
            "resolved": "https://registry.npmjs.org/rollup-plugin-analyzer/-/rollup-plugin-analyzer-3.3.0.tgz",
            "integrity": "sha512-zUPGitW4usmZcVa0nKecRvw3odtXgnxdCben9Hx1kxVoR3demek8RU9tmRG/R35hnRPQTb7wEsYEe3GUcjxIMA==",
            "dev": true
        },
        "rollup-plugin-terser": {
            "version": "6.1.0",
            "resolved": "https://registry.npmjs.org/rollup-plugin-terser/-/rollup-plugin-terser-6.1.0.tgz",
            "integrity": "sha512-4fB3M9nuoWxrwm39habpd4hvrbrde2W2GG4zEGPQg1YITNkM3Tqur5jSuXlWNzbv/2aMLJ+dZJaySc3GCD8oDw==",
            "dev": true,
            "requires": {
                "@babel/code-frame": "^7.8.3",
                "jest-worker": "^26.0.0",
                "serialize-javascript": "^3.0.0",
                "terser": "^4.7.0"
            }
        },
        "rudy-history": {
            "version": "1.0.0",
            "resolved": "https://registry.npmjs.org/rudy-history/-/rudy-history-1.0.0.tgz",
            "integrity": "sha512-UTW+bwDNXurwxBaLl7hixG8OW3nwhbtUFipGJ6hmyHFASihWiZQbcg0noqe3gqmmk+zVRBblls9sguAvTx+ciQ==",
            "requires": {
                "invariant": "^2.2.1",
                "loose-envify": "^1.2.0",
                "resolve-pathname": "^2.2.0",
                "value-equal": "^0.4.0",
                "warning": "^3.0.0"
            }
        },
        "rudy-match-path": {
            "version": "0.3.0",
            "resolved": "https://registry.npmjs.org/rudy-match-path/-/rudy-match-path-0.3.0.tgz",
            "integrity": "sha512-xxdsPJZr7JtOibXCBYFmAgiEOvw1QK1rLSQ5sHiBvyzyD08rwjIZwg00Lt4G80g/4mhu639CSxRxQA4H+d1OHw==",
            "requires": {
                "path-to-regexp": "^1.7.0"
            }
        },
        "safe-buffer": {
            "version": "5.1.2",
            "resolved": "https://registry.npmjs.org/safe-buffer/-/safe-buffer-5.1.2.tgz",
            "integrity": "sha512-Gd2UZBJDkXlY7GbJxfsE8/nvKkUEU1G38c1siN6QP6a9PT9MmHB8GnpscSmMJSoF8LOIrt8ud/wPtojys4G6+g==",
            "dev": true
        },
        "serialize-javascript": {
            "version": "3.1.0",
            "resolved": "https://registry.npmjs.org/serialize-javascript/-/serialize-javascript-3.1.0.tgz",
            "integrity": "sha512-JIJT1DGiWmIKhzRsG91aS6Ze4sFUrYbltlkg2onR5OrnNM02Kl/hnY/T4FN2omvyeBbQmMJv+K4cPOpGzOTFBg==",
            "dev": true,
            "requires": {
                "randombytes": "^2.1.0"
            }
        },
        "source-map": {
            "version": "0.6.1",
            "resolved": "https://registry.npmjs.org/source-map/-/source-map-0.6.1.tgz",
            "integrity": "sha512-UjgapumWlbMhkBgzT7Ykc5YXUT46F0iKu8SGXq0bcwP5dz/h0Plj6enJqjz1Zbq2l5WaqYnrVbwWOWMyF3F47g==",
            "dev": true
        },
        "source-map-support": {
            "version": "0.5.19",
            "resolved": "https://registry.npmjs.org/source-map-support/-/source-map-support-0.5.19.tgz",
            "integrity": "sha512-Wonm7zOCIJzBGQdB+thsPar0kYuCIzYvxZwlBa87yi/Mdjv7Tip2cyVbLj5o0cFPN4EVkuTwb3GDDyUx2DGnGw==",
            "dev": true,
            "requires": {
                "buffer-from": "^1.0.0",
                "source-map": "^0.6.0"
            }
        },
        "sourcemap-codec": {
            "version": "1.4.8",
            "resolved": "https://registry.npmjs.org/sourcemap-codec/-/sourcemap-codec-1.4.8.tgz",
            "integrity": "sha512-9NykojV5Uih4lgo5So5dtw+f0JgJX30KCNI8gwhz2J9A15wD0Ml6tjHKwf6fTSa6fAdVBdZeNOs9eJ71qCk8vA==",
            "dev": true
        },
        "split-on-first": {
            "version": "1.1.0",
            "resolved": "https://registry.npmjs.org/split-on-first/-/split-on-first-1.1.0.tgz",
            "integrity": "sha512-43ZssAJaMusuKWL8sKUBQXHWOpq8d6CfN/u1p4gUzfJkM05C8rxTmYrkIPTXapZpORA6LkkzcUulJ8FqA7Uudw=="
        },
        "strict-uri-encode": {
            "version": "2.0.0",
            "resolved": "https://registry.npmjs.org/strict-uri-encode/-/strict-uri-encode-2.0.0.tgz",
            "integrity": "sha1-ucczDHBChi9rFC3CdLvMWGbONUY="
        },
        "supports-color": {
            "version": "5.5.0",
            "resolved": "https://registry.npmjs.org/supports-color/-/supports-color-5.5.0.tgz",
            "integrity": "sha512-QjVjwdXIt408MIiAqCX4oUKsgU2EqAGzs2Ppkm4aQYbjm+ZEWEcW4SfFNTr4uMNZma0ey4f5lgLrkB0aX0QMow==",
            "dev": true,
            "requires": {
                "has-flag": "^3.0.0"
            }
        },
        "symbol-observable": {
            "version": "1.2.0",
            "resolved": "https://registry.npmjs.org/symbol-observable/-/symbol-observable-1.2.0.tgz",
            "integrity": "sha512-e900nM8RRtGhlV36KGEU9k65K3mPb1WV70OdjfxlG2EAuM1noi/E/BaW/uMhL7bPEssK8QV57vN3esixjUvcXQ=="
        },
        "terser": {
            "version": "4.8.0",
            "resolved": "https://registry.npmjs.org/terser/-/terser-4.8.0.tgz",
            "integrity": "sha512-EAPipTNeWsb/3wLPeup1tVPaXfIaU68xMnVdPafIL1TV05OhASArYyIfFvnvJCNrR2NIOvDVNNTFRa+Re2MWyw==",
            "dev": true,
            "requires": {
                "commander": "^2.20.0",
                "source-map": "~0.6.1",
                "source-map-support": "~0.5.12"
            }
        },
        "tiny-binary-search": {
            "version": "1.0.3",
            "resolved": "https://registry.npmjs.org/tiny-binary-search/-/tiny-binary-search-1.0.3.tgz",
            "integrity": "sha512-STSHX/L5nI9WTLv6wrzJbAPbO7OIISX83KFBh2GVbX1Uz/vgZOU/ANn/8iV6t35yMTpoPzzO+3OQid3mifE0CA=="
        },
        "type-detect": {
            "version": "4.0.8",
            "resolved": "https://registry.npmjs.org/type-detect/-/type-detect-4.0.8.tgz",
            "integrity": "sha512-0fr/mIH1dlO+x7TlcMy+bIDqKPsw/70tVyeHW787goQjhmqaZe10uwLujubK9q9Lg6Fiho1KUKDYz0Z7k7g5/g=="
        },
        "uglify-js": {
            "version": "2.8.29",
            "resolved": "https://registry.npmjs.org/uglify-js/-/uglify-js-2.8.29.tgz",
            "integrity": "sha1-KcVzMUgFe7Th913zW3qcty5qWd0=",
            "requires": {
                "source-map": "~0.5.1",
                "uglify-to-browserify": "~1.0.0",
                "yargs": "~3.10.0"
            },
            "dependencies": {
                "source-map": {
                    "version": "0.5.7",
                    "resolved": "https://registry.npmjs.org/source-map/-/source-map-0.5.7.tgz",
                    "integrity": "sha1-igOdLRAh0i0eoUyA2OpGi6LvP8w="
                }
            }
        },
        "uglify-to-browserify": {
            "version": "1.0.2",
            "resolved": "https://registry.npmjs.org/uglify-to-browserify/-/uglify-to-browserify-1.0.2.tgz",
            "integrity": "sha1-bgkk1r2mta/jSeOabWMoUKD4grc=",
            "optional": true
        },
        "value-equal": {
            "version": "0.4.0",
            "resolved": "https://registry.npmjs.org/value-equal/-/value-equal-0.4.0.tgz",
            "integrity": "sha512-x+cYdNnaA3CxvMaTX0INdTCN8m8aF2uY9BvEqmxuYp8bL09cs/kWVQPVGcA35fMktdOsP69IgU7wFj/61dJHEw=="
        },
        "warning": {
            "version": "3.0.0",
            "resolved": "https://registry.npmjs.org/warning/-/warning-3.0.0.tgz",
            "integrity": "sha1-MuU3fLVy3kqwR1O9+IIcAe1gW3w=",
            "requires": {
                "loose-envify": "^1.0.0"
            }
        },
        "whatwg-fetch": {
            "version": "3.2.0",
            "resolved": "https://registry.npmjs.org/whatwg-fetch/-/whatwg-fetch-3.2.0.tgz",
            "integrity": "sha512-SdGPoQMMnzVYThUbSrEvqTlkvC1Ux27NehaJ/GUHBfNrh5Mjg+1/uRyFMwVnxO2MrikMWvWAqUGgQOfVU4hT7w=="
        },
        "window-size": {
            "version": "0.1.0",
            "resolved": "https://registry.npmjs.org/window-size/-/window-size-0.1.0.tgz",
            "integrity": "sha1-VDjNLqk7IC76Ohn+iIeu58lPnJ0="
        },
        "wordwrap": {
            "version": "0.0.2",
            "resolved": "https://registry.npmjs.org/wordwrap/-/wordwrap-0.0.2.tgz",
            "integrity": "sha1-t5Zpu0LstAn4PVg8rVLKF+qhZD8="
        },
        "wrappy": {
            "version": "1.0.2",
            "resolved": "https://registry.npmjs.org/wrappy/-/wrappy-1.0.2.tgz",
            "integrity": "sha1-tSQ9jz7BqjXxNkYFvA0QNuMKtp8=",
            "dev": true
        },
        "yargs": {
            "version": "3.10.0",
            "resolved": "https://registry.npmjs.org/yargs/-/yargs-3.10.0.tgz",
            "integrity": "sha1-9+572FfdfB0tOMDnTvvWgdFDH9E=",
            "requires": {
                "camelcase": "^1.0.2",
                "cliui": "^2.1.0",
                "decamelize": "^1.0.0",
                "window-size": "0.1.0"
            }
        }
    }
}
